
Microsoft Visual Studio Solution File, Format Version 12.00
# Visual Studio Version 16
VisualStudioVersion = 16.0.28922.388
MinimumVisualStudioVersion = 10.0.40219.1
Project("{FAE04EC0-301F-11D3-BF4B-00C04F79EFBC}") = "Coursework(WinForm)", "Coursework(WinForm)\Coursework(WinForm).csproj", "{142886DA-F3D3-4F19-8864-9D13E32A428C}"
EndProject
Global
	GlobalSection(SolutionConfigurationPlatforms) = preSolution
		Debug|Any CPU = Debug|Any CPU
		Release|Any CPU = Release|Any CPU
	EndGlobalSection
	GlobalSection(ProjectConfigurationPlatforms) = postSolution
		{142886DA-F3D3-4F19-8864-9D13E32A428C}.Debug|Any CPU.ActiveCfg = Debug|Any CPU
		{142886DA-F3D3-4F19-8864-9D13E32A428C}.Debug|Any CPU.Build.0 = Debug|Any CPU
		{142886DA-F3D3-4F19-8864-9D13E32A428C}.Release|Any CPU.ActiveCfg = Release|Any CPU
		{142886DA-F3D3-4F19-8864-9D13E32A428C}.Release|Any CPU.Build.0 = Release|Any CPU
	EndGlobalSection
	GlobalSection(SolutionProperties) = preSolution
		HideSolutionNode = FALSE
	EndGlobalSection
	GlobalSection(ExtensibilityGlobals) = postSolution
		SolutionGuid = {8497D3A9-0DF0-4365-99F1-210468E884D4}
	EndGlobalSection
EndGlobal
